
Microsoft Visual Studio Solution File, Format Version 12.00
# Visual Studio Version 17
VisualStudioVersion = 17.1.32328.378
MinimumVisualStudioVersion = 10.0.40219.1
Project("{FAE04EC0-301F-11D3-BF4B-00C04F79EFBC}") = "Switcher", "Switcher\Switcher.csproj", "{BFB3E256-08CB-4F0B-9B38-99A191D4D706}"
EndProject
Global
	GlobalSection(SolutionConfigurationPlatforms) = preSolution
		Debug|Any CPU = Debug|Any CPU
		Release|Any CPU = Release|Any CPU
	EndGlobalSection
	GlobalSection(ProjectConfigurationPlatforms) = postSolution
		{BFB3E256-08CB-4F0B-9B38-99A191D4D706}.Debug|Any CPU.ActiveCfg = Debug|Any CPU
		{BFB3E256-08CB-4F0B-9B38-99A191D4D706}.Debug|Any CPU.Build.0 = Debug|Any CPU
		{BFB3E256-08CB-4F0B-9B38-99A191D4D706}.Release|Any CPU.ActiveCfg = Release|Any CPU
		{BFB3E256-08CB-4F0B-9B38-99A191D4D706}.Release|Any CPU.Build.0 = Release|Any CPU
	EndGlobalSection
	GlobalSection(SolutionProperties) = preSolution
		HideSolutionNode = FALSE
	EndGlobalSection
	GlobalSection(ExtensibilityGlobals) = postSolution
		SolutionGuid = {8EAF7695-6E0C-4ED0-92E0-387C8921F19A}
	EndGlobalSection
EndGlobal
